
Microsoft Visual Studio Solution File, Format Version 12.00
# Visual Studio Version 16
VisualStudioVersion = 16.0.29318.209
MinimumVisualStudioVersion = 10.0.40219.1
Project("{FAE04EC0-301F-11D3-BF4B-00C04F79EFBC}") = "SalesLetter", "SalesLetter\SalesLetter.csproj", "{B1FFF7DD-8154-4258-936B-A89870DB07CF}"
EndProject
Global
	GlobalSection(SolutionConfigurationPlatforms) = preSolution
		Debug|Any CPU = Debug|Any CPU
		Release|Any CPU = Release|Any CPU
	EndGlobalSection
	GlobalSection(ProjectConfigurationPlatforms) = postSolution
		{B1FFF7DD-8154-4258-936B-A89870DB07CF}.Debug|Any CPU.ActiveCfg = Debug|Any CPU
		{B1FFF7DD-8154-4258-936B-A89870DB07CF}.Debug|Any CPU.Build.0 = Debug|Any CPU
		{B1FFF7DD-8154-4258-936B-A89870DB07CF}.Release|Any CPU.ActiveCfg = Release|Any CPU
		{B1FFF7DD-8154-4258-936B-A89870DB07CF}.Release|Any CPU.Build.0 = Release|Any CPU
	EndGlobalSection
	GlobalSection(SolutionProperties) = preSolution
		HideSolutionNode = FALSE
	EndGlobalSection
	GlobalSection(ExtensibilityGlobals) = postSolution
		SolutionGuid = {A1BF2450-2EB4-4695-B1AB-837BC7AF1964}
	EndGlobalSection
EndGlobal
